// !$*UTF8*$!
{
	archiveVersion = 1;
	classes = {
	};
	objectVersion = 46;
	objects = {

/* Begin PBXBuildFile section */
		700B0ADA1C99464A005FF81D /* LMFileHelper.m in Sources */ = {isa = PBXBuildFile; fileRef = 700B0AD91C99464A005FF81D /* LMFileHelper.m */; };
		700B0ADE1C994A1B005FF81D /* LMConstant.m in Sources */ = {isa = PBXBuildFile; fileRef = 700B0ADD1C994A1B005FF81D /* LMConstant.m */; };
		700C9C871C9FD5E90088488E /* LMFileStorage.m in Sources */ = {isa = PBXBuildFile; fileRef = 700C9C841C9FD5E90088488E /* LMFileStorage.m */; };
		700C9C881C9FD5E90088488E /* LMFileStorageManager.m in Sources */ = {isa = PBXBuildFile; fileRef = 700C9C861C9FD5E90088488E /* LMFileStorageManager.m */; };
		700C9C8B1C9FF2370088488E /* LMFileReaderFactory.m in Sources */ = {isa = PBXBuildFile; fileRef = 700C9C8A1C9FF2370088488E /* LMFileReaderFactory.m */; };
		709F45EF1C8FC19300728265 /* main.m in Sources */ = {isa = PBXBuildFile; fileRef = 709F45EE1C8FC19300728265 /* main.m */; };
		709F45F71C8FC19300728265 /* Assets.xcassets in Resources */ = {isa = PBXBuildFile; fileRef = 709F45F61C8FC19300728265 /* Assets.xcassets */; };
		709F46051C8FC19300728265 /* EventLogUtilityTests.m in Sources */ = {isa = PBXBuildFile; fileRef = 709F46041C8FC19300728265 /* EventLogUtilityTests.m */; };
		709F46101C8FC19300728265 /* EventLogUtilityUITests.m in Sources */ = {isa = PBXBuildFile; fileRef = 709F460F1C8FC19300728265 /* EventLogUtilityUITests.m */; };
		709F462D1C8FC2C100728265 /* AppDelegate.m in Sources */ = {isa = PBXBuildFile; fileRef = 709F462C1C8FC2C100728265 /* AppDelegate.m */; };
		709F46311C8FC2D600728265 /* Document.m in Sources */ = {isa = PBXBuildFile; fileRef = 709F46301C8FC2D600728265 /* Document.m */; };
		709F46391C8FC39100728265 /* DocumentWindow.xib in Resources */ = {isa = PBXBuildFile; fileRef = 709F46381C8FC39100728265 /* DocumentWindow.xib */; };
		709F463B1C8FC3A500728265 /* MainMenu.xib in Resources */ = {isa = PBXBuildFile; fileRef = 709F463A1C8FC3A500728265 /* MainMenu.xib */; };
		709F46431C8FC51300728265 /* LMColorUtlity.m in Sources */ = {isa = PBXBuildFile; fileRef = 709F46421C8FC51300728265 /* LMColorUtlity.m */; };
		709F46471C8FC65800728265 /* LMNotificationNames.m in Sources */ = {isa = PBXBuildFile; fileRef = 709F46461C8FC65800728265 /* LMNotificationNames.m */; };
		709F46631C900FFF00728265 /* LMErrorDifinition.m in Sources */ = {isa = PBXBuildFile; fileRef = 709F46621C900FFF00728265 /* LMErrorDifinition.m */; };
		709F46671C90180600728265 /* LMFileReader.m in Sources */ = {isa = PBXBuildFile; fileRef = 709F46661C90180600728265 /* LMFileReader.m */; };
		709F466A1C901D6000728265 /* LMDataMonitorFileReader.m in Sources */ = {isa = PBXBuildFile; fileRef = 709F46691C901D6000728265 /* LMDataMonitorFileReader.m */; };
		70A444131CA0DE8F00AACE1D /* LMLog.m in Sources */ = {isa = PBXBuildFile; fileRef = 70A444121CA0DE8F00AACE1D /* LMLog.m */; };
		DC3C30021CA90B5B0070BCB1 /* LMMasterFileListViewController.m in Sources */ = {isa = PBXBuildFile; fileRef = DC3C30011CA90B5B0070BCB1 /* LMMasterFileListViewController.m */; };
		DC3C30041CA90C4A0070BCB1 /* MasterFileListView.xib in Resources */ = {isa = PBXBuildFile; fileRef = DC3C30031CA90C4A0070BCB1 /* MasterFileListView.xib */; };
		DC3C30071CA90E230070BCB1 /* LMBaseViewController.m in Sources */ = {isa = PBXBuildFile; fileRef = DC3C30061CA90E230070BCB1 /* LMBaseViewController.m */; };
		DC3C300B1CAA4B7D0070BCB1 /* LMMasterFileListTableRowView.m in Sources */ = {isa = PBXBuildFile; fileRef = DC3C300A1CAA4B7D0070BCB1 /* LMMasterFileListTableRowView.m */; };
		DC3C300F1CAA73CE0070BCB1 /* LMMasterResultViewController.m in Sources */ = {isa = PBXBuildFile; fileRef = DC3C300E1CAA73CE0070BCB1 /* LMMasterResultViewController.m */; };
		DC3C30111CAA73FC0070BCB1 /* MasterResultView.xib in Resources */ = {isa = PBXBuildFile; fileRef = DC3C30101CAA73FC0070BCB1 /* MasterResultView.xib */; };
		DC9DBD211CA3835C0066BA67 /* DocumentController.m in Sources */ = {isa = PBXBuildFile; fileRef = DC9DBD201CA3835C0066BA67 /* DocumentController.m */; };
		DC9DBD241CA38F070066BA67 /* EntranceDocument.m in Sources */ = {isa = PBXBuildFile; fileRef = DC9DBD231CA38F070066BA67 /* EntranceDocument.m */; };
		DC9DBD2A1CA38FA30066BA67 /* EntranceDocument.xib in Resources */ = {isa = PBXBuildFile; fileRef = DC9DBD291CA38FA30066BA67 /* EntranceDocument.xib */; };
		DC9DBD301CA3C0360066BA67 /* LMFileDisplayViewController.m in Sources */ = {isa = PBXBuildFile; fileRef = DC9DBD2E1CA3C0360066BA67 /* LMFileDisplayViewController.m */; };
		DC9DBD361CA3C27E0066BA67 /* LMBaseView.m in Sources */ = {isa = PBXBuildFile; fileRef = DC9DBD351CA3C27E0066BA67 /* LMBaseView.m */; };
		DC9DBD3D1CA3CFAF0066BA67 /* FileTextView.xib in Resources */ = {isa = PBXBuildFile; fileRef = DC9DBD3C1CA3CFAF0066BA67 /* FileTextView.xib */; };
		DC9DBD401CA3CFDE0066BA67 /* LMFileTextViewController.m in Sources */ = {isa = PBXBuildFile; fileRef = DC9DBD3F1CA3CFDE0066BA67 /* LMFileTextViewController.m */; };
		DC9DBD431CA3E8DB0066BA67 /* LMDocumentViewController.m in Sources */ = {isa = PBXBuildFile; fileRef = DC9DBD421CA3E8DB0066BA67 /* LMDocumentViewController.m */; };
		DC9DBD471CA52EDE0066BA67 /* LMSplitView.m in Sources */ = {isa = PBXBuildFile; fileRef = DC9DBD461CA52EDE0066BA67 /* LMSplitView.m */; };
		DC9DBD4B1CA52F880066BA67 /* SplitViewDivider.png in Resources */ = {isa = PBXBuildFile; fileRef = DC9DBD4A1CA52F880066BA67 /* SplitViewDivider.png */; };
		DC9DBD4F1CA53CCE0066BA67 /* LMMasterViewController.m in Sources */ = {isa = PBXBuildFile; fileRef = DC9DBD4E1CA53CCE0066BA67 /* LMMasterViewController.m */; };
		DC9DBD521CA53EB50066BA67 /* FileDisplayView.xib in Resources */ = {isa = PBXBuildFile; fileRef = DC9DBD501CA53EB50066BA67 /* FileDisplayView.xib */; };
		DC9DBD531CA53EB50066BA67 /* MasterView.xib in Resources */ = {isa = PBXBuildFile; fileRef = DC9DBD511CA53EB50066BA67 /* MasterView.xib */; };
		DC9DBD581CA8D65F0066BA67 /* LMMasterNavigateView.m in Sources */ = {isa = PBXBuildFile; fileRef = DC9DBD571CA8D65F0066BA67 /* LMMasterNavigateView.m */; };
		DC9DBD5C1CA8FAAF0066BA67 /* MasterNavigateFile.png in Resources */ = {isa = PBXBuildFile; fileRef = DC9DBD5B1CA8FAAF0066BA67 /* MasterNavigateFile.png */; };
		DC9DBD5F1CA8FABD0066BA67 /* MasterNavigateResult.png in Resources */ = {isa = PBXBuildFile; fileRef = DC9DBD5D1CA8FABD0066BA67 /* MasterNavigateResult.png */; };
		DC9DBD601CA8FABD0066BA67 /* MasterNavigateSearch.png in Resources */ = {isa = PBXBuildFile; fileRef = DC9DBD5E1CA8FABD0066BA67 /* MasterNavigateSearch.png */; };
/* End PBXBuildFile section */

/* Begin PBXContainerItemProxy section */
		709F46011C8FC19300728265 /* PBXContainerItemProxy */ = {
			isa = PBXContainerItemProxy;
			containerPortal = 709F45DF1C8FC19300728265 /* Project object */;
			proxyType = 1;
			remoteGlobalIDString = 709F45E61C8FC19300728265;
			remoteInfo = EventLogUtility;
		};
		709F460C1C8FC19300728265 /* PBXContainerItemProxy */ = {
			isa = PBXContainerItemProxy;
			containerPortal = 709F45DF1C8FC19300728265 /* Project object */;
			proxyType = 1;
			remoteGlobalIDString = 709F45E61C8FC19300728265;
			remoteInfo = EventLogUtility;
		};
/* End PBXContainerItemProxy section */

/* Begin PBXFileReference section */
		700B0AD81C99464A005FF81D /* LMFileHelper.h */ = {isa = PBXFileReference; fileEncoding = 4; lastKnownFileType = sourcecode.c.h; name = LMFileHelper.h; path = Model/LMFileHelper.h; sourceTree = "<group>"; };
		700B0AD91C99464A005FF81D /* LMFileHelper.m */ = {isa = PBXFileReference; fileEncoding = 4; lastKnownFileType = sourcecode.c.objc; name = LMFileHelper.m; path = Model/LMFileHelper.m; sourceTree = "<group>"; };
		700B0ADC1C994A1B005FF81D /* LMConstant.h */ = {isa = PBXFileReference; fileEncoding = 4; lastKnownFileType = sourcecode.c.h; name = LMConstant.h; path = Utility/Constants/LMConstant.h; sourceTree = "<group>"; };
		700B0ADD1C994A1B005FF81D /* LMConstant.m */ = {isa = PBXFileReference; fileEncoding = 4; lastKnownFileType = sourcecode.c.objc; name = LMConstant.m; path = Utility/Constants/LMConstant.m; sourceTree = "<group>"; };
		700C9C831C9FD5E90088488E /* LMFileStorage.h */ = {isa = PBXFileReference; fileEncoding = 4; lastKnownFileType = sourcecode.c.h; name = LMFileStorage.h; path = "Model/File Storage/LMFileStorage.h"; sourceTree = "<group>"; };
		700C9C841C9FD5E90088488E /* LMFileStorage.m */ = {isa = PBXFileReference; fileEncoding = 4; lastKnownFileType = sourcecode.c.objc; name = LMFileStorage.m; path = "Model/File Storage/LMFileStorage.m"; sourceTree = "<group>"; };
		700C9C851C9FD5E90088488E /* LMFileStorageManager.h */ = {isa = PBXFileReference; fileEncoding = 4; lastKnownFileType = sourcecode.c.h; name = LMFileStorageManager.h; path = "Model/File Storage/LMFileStorageManager.h"; sourceTree = "<group>"; };
		700C9C861C9FD5E90088488E /* LMFileStorageManager.m */ = {isa = PBXFileReference; fileEncoding = 4; lastKnownFileType = sourcecode.c.objc; name = LMFileStorageManager.m; path = "Model/File Storage/LMFileStorageManager.m"; sourceTree = "<group>"; };
		700C9C891C9FF2370088488E /* LMFileReaderFactory.h */ = {isa = PBXFileReference; fileEncoding = 4; lastKnownFileType = sourcecode.c.h; name = LMFileReaderFactory.h; path = "Model/File Reader/LMFileReaderFactory.h"; sourceTree = "<group>"; };
		700C9C8A1C9FF2370088488E /* LMFileReaderFactory.m */ = {isa = PBXFileReference; fileEncoding = 4; lastKnownFileType = sourcecode.c.objc; name = LMFileReaderFactory.m; path = "Model/File Reader/LMFileReaderFactory.m"; sourceTree = "<group>"; };
		709F45E71C8FC19300728265 /* EventLogUtility.app */ = {isa = PBXFileReference; explicitFileType = wrapper.application; includeInIndex = 0; path = EventLogUtility.app; sourceTree = BUILT_PRODUCTS_DIR; };
		709F45EE1C8FC19300728265 /* main.m */ = {isa = PBXFileReference; lastKnownFileType = sourcecode.c.objc; path = main.m; sourceTree = "<group>"; };
		709F45F61C8FC19300728265 /* Assets.xcassets */ = {isa = PBXFileReference; lastKnownFileType = folder.assetcatalog; path = Assets.xcassets; sourceTree = "<group>"; };
		709F45FB1C8FC19300728265 /* Info.plist */ = {isa = PBXFileReference; lastKnownFileType = text.plist.xml; path = Info.plist; sourceTree = "<group>"; };
		709F46001C8FC19300728265 /* EventLogUtilityTests.xctest */ = {isa = PBXFileReference; explicitFileType = wrapper.cfbundle; includeInIndex = 0; path = EventLogUtilityTests.xctest; sourceTree = BUILT_PRODUCTS_DIR; };
		709F46041C8FC19300728265 /* EventLogUtilityTests.m */ = {isa = PBXFileReference; lastKnownFileType = sourcecode.c.objc; path = EventLogUtilityTests.m; sourceTree = "<group>"; };
		709F46061C8FC19300728265 /* Info.plist */ = {isa = PBXFileReference; lastKnownFileType = text.plist.xml; path = Info.plist; sourceTree = "<group>"; };
		709F460B1C8FC19300728265 /* EventLogUtilityUITests.xctest */ = {isa = PBXFileReference; explicitFileType = wrapper.cfbundle; includeInIndex = 0; path = EventLogUtilityUITests.xctest; sourceTree = BUILT_PRODUCTS_DIR; };
		709F460F1C8FC19300728265 /* EventLogUtilityUITests.m */ = {isa = PBXFileReference; lastKnownFileType = sourcecode.c.objc; path = EventLogUtilityUITests.m; sourceTree = "<group>"; };
		709F46111C8FC19300728265 /* Info.plist */ = {isa = PBXFileReference; lastKnownFileType = text.plist.xml; path = Info.plist; sourceTree = "<group>"; };
		709F462B1C8FC2C100728265 /* AppDelegate.h */ = {isa = PBXFileReference; fileEncoding = 4; lastKnownFileType = sourcecode.c.h; name = AppDelegate.h; path = Controller/Delegate/AppDelegate.h; sourceTree = "<group>"; };
		709F462C1C8FC2C100728265 /* AppDelegate.m */ = {isa = PBXFileReference; fileEncoding = 4; lastKnownFileType = sourcecode.c.objc; name = AppDelegate.m; path = Controller/Delegate/AppDelegate.m; sourceTree = "<group>"; };
		709F462F1C8FC2D600728265 /* Document.h */ = {isa = PBXFileReference; fileEncoding = 4; lastKnownFileType = sourcecode.c.h; name = Document.h; path = Controller/Document/Document.h; sourceTree = "<group>"; };
		709F46301C8FC2D600728265 /* Document.m */ = {isa = PBXFileReference; fileEncoding = 4; lastKnownFileType = sourcecode.c.objc; name = Document.m; path = Controller/Document/Document.m; sourceTree = "<group>"; };
		709F46381C8FC39100728265 /* DocumentWindow.xib */ = {isa = PBXFileReference; fileEncoding = 4; lastKnownFileType = file.xib; name = DocumentWindow.xib; path = "Supporting Files/Nib/Document/DocumentWindow.xib"; sourceTree = "<group>"; };
		709F463A1C8FC3A500728265 /* MainMenu.xib */ = {isa = PBXFileReference; fileEncoding = 4; lastKnownFileType = file.xib; name = MainMenu.xib; path = "Supporting Files/Nib/Main Window/MainMenu.xib"; sourceTree = "<group>"; };
		709F46411C8FC51300728265 /* LMColorUtlity.h */ = {isa = PBXFileReference; fileEncoding = 4; lastKnownFileType = sourcecode.c.h; name = LMColorUtlity.h; path = Utility/Color/LMColorUtlity.h; sourceTree = "<group>"; };
		709F46421C8FC51300728265 /* LMColorUtlity.m */ = {isa = PBXFileReference; fileEncoding = 4; lastKnownFileType = sourcecode.c.objc; name = LMColorUtlity.m; path = Utility/Color/LMColorUtlity.m; sourceTree = "<group>"; };
		709F46451C8FC65800728265 /* LMNotificationNames.h */ = {isa = PBXFileReference; fileEncoding = 4; lastKnownFileType = sourcecode.c.h; name = LMNotificationNames.h; path = Utility/Notification/LMNotificationNames.h; sourceTree = "<group>"; };
		709F46461C8FC65800728265 /* LMNotificationNames.m */ = {isa = PBXFileReference; fileEncoding = 4; lastKnownFileType = sourcecode.c.objc; name = LMNotificationNames.m; path = Utility/Notification/LMNotificationNames.m; sourceTree = "<group>"; };
		709F46611C900FFF00728265 /* LMErrorDifinition.h */ = {isa = PBXFileReference; fileEncoding = 4; lastKnownFileType = sourcecode.c.h; name = LMErrorDifinition.h; path = Utility/Error/LMErrorDifinition.h; sourceTree = "<group>"; };
		709F46621C900FFF00728265 /* LMErrorDifinition.m */ = {isa = PBXFileReference; fileEncoding = 4; lastKnownFileType = sourcecode.c.objc; name = LMErrorDifinition.m; path = Utility/Error/LMErrorDifinition.m; sourceTree = "<group>"; };
		709F46651C90180600728265 /* LMFileReader.h */ = {isa = PBXFileReference; fileEncoding = 4; lastKnownFileType = sourcecode.c.h; name = LMFileReader.h; path = "Model/File Reader/LMFileReader.h"; sourceTree = "<group>"; };
		709F46661C90180600728265 /* LMFileReader.m */ = {isa = PBXFileReference; fileEncoding = 4; lastKnownFileType = sourcecode.c.objc; name = LMFileReader.m; path = "Model/File Reader/LMFileReader.m"; sourceTree = "<group>"; };
		709F46681C901D6000728265 /* LMDataMonitorFileReader.h */ = {isa = PBXFileReference; fileEncoding = 4; lastKnownFileType = sourcecode.c.h; name = LMDataMonitorFileReader.h; path = "Model/File Reader/LMDataMonitorFileReader.h"; sourceTree = "<group>"; };
		709F46691C901D6000728265 /* LMDataMonitorFileReader.m */ = {isa = PBXFileReference; fileEncoding = 4; lastKnownFileType = sourcecode.c.objc; name = LMDataMonitorFileReader.m; path = "Model/File Reader/LMDataMonitorFileReader.m"; sourceTree = "<group>"; };
		70A444111CA0DE8F00AACE1D /* LMLog.h */ = {isa = PBXFileReference; fileEncoding = 4; lastKnownFileType = sourcecode.c.h; name = LMLog.h; path = Utility/Log/LMLog.h; sourceTree = "<group>"; };
		70A444121CA0DE8F00AACE1D /* LMLog.m */ = {isa = PBXFileReference; fileEncoding = 4; lastKnownFileType = sourcecode.c.objc; name = LMLog.m; path = Utility/Log/LMLog.m; sourceTree = "<group>"; };
		DC3C30001CA90B5B0070BCB1 /* LMMasterFileListViewController.h */ = {isa = PBXFileReference; fileEncoding = 4; lastKnownFileType = sourcecode.c.h; name = LMMasterFileListViewController.h; path = "Controller/View Controller/Master View/File List/LMMasterFileListViewController.h"; sourceTree = "<group>"; };
		DC3C30011CA90B5B0070BCB1 /* LMMasterFileListViewController.m */ = {isa = PBXFileReference; fileEncoding = 4; lastKnownFileType = sourcecode.c.objc; name = LMMasterFileListViewController.m; path = "Controller/View Controller/Master View/File List/LMMasterFileListViewController.m"; sourceTree = "<group>"; };
		DC3C30031CA90C4A0070BCB1 /* MasterFileListView.xib */ = {isa = PBXFileReference; fileEncoding = 4; lastKnownFileType = file.xib; name = MasterFileListView.xib; path = "Supporting Files/Nib/Document/MasterFileListView.xib"; sourceTree = "<group>"; };
		DC3C30051CA90E230070BCB1 /* LMBaseViewController.h */ = {isa = PBXFileReference; fileEncoding = 4; lastKnownFileType = sourcecode.c.h; name = LMBaseViewController.h; path = "Controller/View Controller/LMBaseViewController.h"; sourceTree = "<group>"; };
		DC3C30061CA90E230070BCB1 /* LMBaseViewController.m */ = {isa = PBXFileReference; fileEncoding = 4; lastKnownFileType = sourcecode.c.objc; name = LMBaseViewController.m; path = "Controller/View Controller/LMBaseViewController.m"; sourceTree = "<group>"; };
		DC3C30091CAA4B7D0070BCB1 /* LMMasterFileListTableRowView.h */ = {isa = PBXFileReference; fileEncoding = 4; lastKnownFileType = sourcecode.c.h; name = LMMasterFileListTableRowView.h; path = "View/Master View/File List/LMMasterFileListTableRowView.h"; sourceTree = "<group>"; };
		DC3C300A1CAA4B7D0070BCB1 /* LMMasterFileListTableRowView.m */ = {isa = PBXFileReference; fileEncoding = 4; lastKnownFileType = sourcecode.c.objc; name = LMMasterFileListTableRowView.m; path = "View/Master View/File List/LMMasterFileListTableRowView.m"; sourceTree = "<group>"; };
		DC3C300D1CAA73CE0070BCB1 /* LMMasterResultViewController.h */ = {isa = PBXFileReference; fileEncoding = 4; lastKnownFileType = sourcecode.c.h; name = LMMasterResultViewController.h; path = "Controller/View Controller/Master View/Result/LMMasterResultViewController.h"; sourceTree = "<group>"; };
		DC3C300E1CAA73CE0070BCB1 /* LMMasterResultViewController.m */ = {isa = PBXFileReference; fileEncoding = 4; lastKnownFileType = sourcecode.c.objc; name = LMMasterResultViewController.m; path = "Controller/View Controller/Master View/Result/LMMasterResultViewController.m"; sourceTree = "<group>"; };
		DC3C30101CAA73FC0070BCB1 /* MasterResultView.xib */ = {isa = PBXFileReference; fileEncoding = 4; lastKnownFileType = file.xib; name = MasterResultView.xib; path = "Supporting Files/Nib/Document/MasterResultView.xib"; sourceTree = "<group>"; };
		DC9DBD1F1CA3835C0066BA67 /* DocumentController.h */ = {isa = PBXFileReference; fileEncoding = 4; lastKnownFileType = sourcecode.c.h; name = DocumentController.h; path = Controller/Document/DocumentController.h; sourceTree = "<group>"; };
		DC9DBD201CA3835C0066BA67 /* DocumentController.m */ = {isa = PBXFileReference; fileEncoding = 4; lastKnownFileType = sourcecode.c.objc; name = DocumentController.m; path = Controller/Document/DocumentController.m; sourceTree = "<group>"; };
		DC9DBD221CA38F070066BA67 /* EntranceDocument.h */ = {isa = PBXFileReference; fileEncoding = 4; lastKnownFileType = sourcecode.c.h; name = EntranceDocument.h; path = Controller/Document/EntranceDocument.h; sourceTree = "<group>"; };
		DC9DBD231CA38F070066BA67 /* EntranceDocument.m */ = {isa = PBXFileReference; fileEncoding = 4; lastKnownFileType = sourcecode.c.objc; name = EntranceDocument.m; path = Controller/Document/EntranceDocument.m; sourceTree = "<group>"; };
		DC9DBD291CA38FA30066BA67 /* EntranceDocument.xib */ = {isa = PBXFileReference; fileEncoding = 4; lastKnownFileType = file.xib; name = EntranceDocument.xib; path = "Supporting Files/Nib/Document/EntranceDocument.xib"; sourceTree = "<group>"; };
		DC9DBD2D1CA3C0360066BA67 /* LMFileDisplayViewController.h */ = {isa = PBXFileReference; fileEncoding = 4; lastKnownFileType = sourcecode.c.h; name = LMFileDisplayViewController.h; path = "Controller/View Controller/File Display/LMFileDisplayViewController.h"; sourceTree = "<group>"; };
		DC9DBD2E1CA3C0360066BA67 /* LMFileDisplayViewController.m */ = {isa = PBXFileReference; fileEncoding = 4; lastKnownFileType = sourcecode.c.objc; name = LMFileDisplayViewController.m; path = "Controller/View Controller/File Display/LMFileDisplayViewController.m"; sourceTree = "<group>"; };
		DC9DBD341CA3C27E0066BA67 /* LMBaseView.h */ = {isa = PBXFileReference; fileEncoding = 4; lastKnownFileType = sourcecode.c.h; name = LMBaseView.h; path = View/LMBaseView.h; sourceTree = "<group>"; };
		DC9DBD351CA3C27E0066BA67 /* LMBaseView.m */ = {isa = PBXFileReference; fileEncoding = 4; lastKnownFileType = sourcecode.c.objc; name = LMBaseView.m; path = View/LMBaseView.m; sourceTree = "<group>"; };
		DC9DBD3C1CA3CFAF0066BA67 /* FileTextView.xib */ = {isa = PBXFileReference; fileEncoding = 4; lastKnownFileType = file.xib; name = FileTextView.xib; path = "Supporting Files/Nib/Document/FileTextView.xib"; sourceTree = "<group>"; };
		DC9DBD3E1CA3CFDE0066BA67 /* LMFileTextViewController.h */ = {isa = PBXFileReference; fileEncoding = 4; lastKnownFileType = sourcecode.c.h; name = LMFileTextViewController.h; path = "Controller/View Controller/File Display/LMFileTextViewController.h"; sourceTree = "<group>"; };
		DC9DBD3F1CA3CFDE0066BA67 /* LMFileTextViewController.m */ = {isa = PBXFileReference; fileEncoding = 4; lastKnownFileType = sourcecode.c.objc; name = LMFileTextViewController.m; path = "Controller/View Controller/File Display/LMFileTextViewController.m"; sourceTree = "<group>"; };
		DC9DBD411CA3E8DB0066BA67 /* LMDocumentViewController.h */ = {isa = PBXFileReference; fileEncoding = 4; lastKnownFileType = sourcecode.c.h; name = LMDocumentViewController.h; path = "Controller/View Controller/LMDocumentViewController.h"; sourceTree = "<group>"; };
		DC9DBD421CA3E8DB0066BA67 /* LMDocumentViewController.m */ = {isa = PBXFileReference; fileEncoding = 4; lastKnownFileType = sourcecode.c.objc; name = LMDocumentViewController.m; path = "Controller/View Controller/LMDocumentViewController.m"; sourceTree = "<group>"; };
		DC9DBD451CA52EDE0066BA67 /* LMSplitView.h */ = {isa = PBXFileReference; fileEncoding = 4; lastKnownFileType = sourcecode.c.h; name = LMSplitView.h; path = View/SplitView/LMSplitView.h; sourceTree = "<group>"; };
		DC9DBD461CA52EDE0066BA67 /* LMSplitView.m */ = {isa = PBXFileReference; fileEncoding = 4; lastKnownFileType = sourcecode.c.objc; name = LMSplitView.m; path = View/SplitView/LMSplitView.m; sourceTree = "<group>"; };
		DC9DBD4A1CA52F880066BA67 /* SplitViewDivider.png */ = {isa = PBXFileReference; lastKnownFileType = image.png; name = SplitViewDivider.png; path = "Supporting Files/Image/SplitView/SplitViewDivider.png"; sourceTree = "<group>"; };
		DC9DBD4D1CA53CCE0066BA67 /* LMMasterViewController.h */ = {isa = PBXFileReference; fileEncoding = 4; lastKnownFileType = sourcecode.c.h; name = LMMasterViewController.h; path = "Controller/View Controller/Master View/LMMasterViewController.h"; sourceTree = "<group>"; };
		DC9DBD4E1CA53CCE0066BA67 /* LMMasterViewController.m */ = {isa = PBXFileReference; fileEncoding = 4; lastKnownFileType = sourcecode.c.objc; name = LMMasterViewController.m; path = "Controller/View Controller/Master View/LMMasterViewController.m"; sourceTree = "<group>"; };
		DC9DBD501CA53EB50066BA67 /* FileDisplayView.xib */ = {isa = PBXFileReference; fileEncoding = 4; lastKnownFileType = file.xib; name = FileDisplayView.xib; path = "Supporting Files/Nib/Document/FileDisplayView.xib"; sourceTree = "<group>"; };
		DC9DBD511CA53EB50066BA67 /* MasterView.xib */ = {isa = PBXFileReference; fileEncoding = 4; lastKnownFileType = file.xib; name = MasterView.xib; path = "Supporting Files/Nib/Document/MasterView.xib"; sourceTree = "<group>"; };
		DC9DBD561CA8D65F0066BA67 /* LMMasterNavigateView.h */ = {isa = PBXFileReference; fileEncoding = 4; lastKnownFileType = sourcecode.c.h; name = LMMasterNavigateView.h; path = "View/Master View/Navigate/LMMasterNavigateView.h"; sourceTree = "<group>"; };
		DC9DBD571CA8D65F0066BA67 /* LMMasterNavigateView.m */ = {isa = PBXFileReference; fileEncoding = 4; lastKnownFileType = sourcecode.c.objc; name = LMMasterNavigateView.m; path = "View/Master View/Navigate/LMMasterNavigateView.m"; sourceTree = "<group>"; };
		DC9DBD5B1CA8FAAF0066BA67 /* MasterNavigateFile.png */ = {isa = PBXFileReference; lastKnownFileType = image.png; name = MasterNavigateFile.png; path = "Supporting Files/Image/MasterView/Navigate/MasterNavigateFile.png"; sourceTree = "<group>"; };
		DC9DBD5D1CA8FABD0066BA67 /* MasterNavigateResult.png */ = {isa = PBXFileReference; lastKnownFileType = image.png; name = MasterNavigateResult.png; path = "Supporting Files/Image/MasterView/Navigate/MasterNavigateResult.png"; sourceTree = "<group>"; };
		DC9DBD5E1CA8FABD0066BA67 /* MasterNavigateSearch.png */ = {isa = PBXFileReference; lastKnownFileType = image.png; name = MasterNavigateSearch.png; path = "Supporting Files/Image/MasterView/Navigate/MasterNavigateSearch.png"; sourceTree = "<group>"; };
/* End PBXFileReference section */

/* Begin PBXFrameworksBuildPhase section */
		709F45E41C8FC19300728265 /* Frameworks */ = {
			isa = PBXFrameworksBuildPhase;
			buildActionMask = 2147483647;
			files = (
			);
			runOnlyForDeploymentPostprocessing = 0;
		};
		709F45FD1C8FC19300728265 /* Frameworks */ = {
			isa = PBXFrameworksBuildPhase;
			buildActionMask = 2147483647;
			files = (
			);
			runOnlyForDeploymentPostprocessing = 0;
		};
		709F46081C8FC19300728265 /* Frameworks */ = {
			isa = PBXFrameworksBuildPhase;
			buildActionMask = 2147483647;
			files = (
			);
			runOnlyForDeploymentPostprocessing = 0;
		};
/* End PBXFrameworksBuildPhase section */

/* Begin PBXGroup section */
		700B0ADB1C9949E6005FF81D /* Constants */ = {
			isa = PBXGroup;
			children = (
				700B0ADC1C994A1B005FF81D /* LMConstant.h */,
				700B0ADD1C994A1B005FF81D /* LMConstant.m */,
			);
			name = Constants;
			sourceTree = "<group>";
		};
		709F45DE1C8FC19200728265 = {
			isa = PBXGroup;
			children = (
				709F45E91C8FC19300728265 /* EventLogUtility */,
				709F46031C8FC19300728265 /* EventLogUtilityTests */,
				709F460E1C8FC19300728265 /* EventLogUtilityUITests */,
				709F45E81C8FC19300728265 /* Products */,
			);
			sourceTree = "<group>";
		};
		709F45E81C8FC19300728265 /* Products */ = {
			isa = PBXGroup;
			children = (
				709F45E71C8FC19300728265 /* EventLogUtility.app */,
				709F46001C8FC19300728265 /* EventLogUtilityTests.xctest */,
				709F460B1C8FC19300728265 /* EventLogUtilityUITests.xctest */,
			);
			name = Products;
			sourceTree = "<group>";
		};
		709F45E91C8FC19300728265 /* EventLogUtility */ = {
			isa = PBXGroup;
			children = (
				709F463C1C8FC3F300728265 /* Utility */,
				709F461D1C8FC27E00728265 /* Model */,
				709F461F1C8FC28C00728265 /* View */,
				709F461E1C8FC28600728265 /* Controller */,
				709F45ED1C8FC19300728265 /* Supporting Files */,
			);
			path = EventLogUtility;
			sourceTree = "<group>";
		};
		709F45ED1C8FC19300728265 /* Supporting Files */ = {
			isa = PBXGroup;
			children = (
				DC9DBD481CA52F460066BA67 /* Image */,
				709F46351C8FC32600728265 /* Nib */,
				709F45F61C8FC19300728265 /* Assets.xcassets */,
				709F45FB1C8FC19300728265 /* Info.plist */,
				709F45EE1C8FC19300728265 /* main.m */,
			);
			name = "Supporting Files";
			sourceTree = "<group>";
		};
		709F46031C8FC19300728265 /* EventLogUtilityTests */ = {
			isa = PBXGroup;
			children = (
				709F46041C8FC19300728265 /* EventLogUtilityTests.m */,
				709F46061C8FC19300728265 /* Info.plist */,
			);
			path = EventLogUtilityTests;
			sourceTree = "<group>";
		};
		709F460E1C8FC19300728265 /* EventLogUtilityUITests */ = {
			isa = PBXGroup;
			children = (
				709F460F1C8FC19300728265 /* EventLogUtilityUITests.m */,
				709F46111C8FC19300728265 /* Info.plist */,
			);
			path = EventLogUtilityUITests;
			sourceTree = "<group>";
		};
		709F461D1C8FC27E00728265 /* Model */ = {
			isa = PBXGroup;
			children = (
				709F46641C9017F400728265 /* File Reader */,
				709F46591C8FF57300728265 /* File Storage */,
				700B0AD81C99464A005FF81D /* LMFileHelper.h */,
				700B0AD91C99464A005FF81D /* LMFileHelper.m */,
			);
			name = Model;
			sourceTree = "<group>";
		};
		709F461E1C8FC28600728265 /* Controller */ = {
			isa = PBXGroup;
			children = (
				709F462A1C8FC2AF00728265 /* Delegate */,
				709F462E1C8FC2CA00728265 /* Document */,
				709F46321C8FC2ED00728265 /* View Controller */,
				709F46331C8FC2FB00728265 /* Window Controller */,
			);
			name = Controller;
			sourceTree = "<group>";
		};
		709F461F1C8FC28C00728265 /* View */ = {
			isa = PBXGroup;
			children = (
				DC9DBD341CA3C27E0066BA67 /* LMBaseView.h */,
				DC9DBD351CA3C27E0066BA67 /* LMBaseView.m */,
				DC9DBD541CA8D6390066BA67 /* Master View */,
				DC9DBD441CA52EC10066BA67 /* SplitView */,
			);
			name = View;
			sourceTree = "<group>";
		};
		709F462A1C8FC2AF00728265 /* Delegate */ = {
			isa = PBXGroup;
			children = (
				709F462B1C8FC2C100728265 /* AppDelegate.h */,
				709F462C1C8FC2C100728265 /* AppDelegate.m */,
			);
			name = Delegate;
			sourceTree = "<group>";
		};
		709F462E1C8FC2CA00728265 /* Document */ = {
			isa = PBXGroup;
			children = (
				709F462F1C8FC2D600728265 /* Document.h */,
				709F46301C8FC2D600728265 /* Document.m */,
				DC9DBD221CA38F070066BA67 /* EntranceDocument.h */,
				DC9DBD231CA38F070066BA67 /* EntranceDocument.m */,
				DC9DBD1F1CA3835C0066BA67 /* DocumentController.h */,
				DC9DBD201CA3835C0066BA67 /* DocumentController.m */,
			);
			name = Document;
			sourceTree = "<group>";
		};
		709F46321C8FC2ED00728265 /* View Controller */ = {
			isa = PBXGroup;
			children = (
				DC3C30051CA90E230070BCB1 /* LMBaseViewController.h */,
				DC3C30061CA90E230070BCB1 /* LMBaseViewController.m */,
				DC9DBD411CA3E8DB0066BA67 /* LMDocumentViewController.h */,
				DC9DBD421CA3E8DB0066BA67 /* LMDocumentViewController.m */,
				DC9DBD4C1CA53B130066BA67 /* MasterView */,
				DC9DBD2C1CA3BFD40066BA67 /* File Display */,
			);
			name = "View Controller";
			sourceTree = "<group>";
		};
		709F46331C8FC2FB00728265 /* Window Controller */ = {
			isa = PBXGroup;
			children = (
			);
			name = "Window Controller";
			sourceTree = "<group>";
		};
		709F46351C8FC32600728265 /* Nib */ = {
			isa = PBXGroup;
			children = (
				709F46371C8FC37000728265 /* Document */,
				709F46361C8FC36600728265 /* Main Window */,
			);
			name = Nib;
			sourceTree = "<group>";
		};
		709F46361C8FC36600728265 /* Main Window */ = {
			isa = PBXGroup;
			children = (
				709F463A1C8FC3A500728265 /* MainMenu.xib */,
			);
			name = "Main Window";
			sourceTree = "<group>";
		};
		709F46371C8FC37000728265 /* Document */ = {
			isa = PBXGroup;
			children = (
				DC9DBD291CA38FA30066BA67 /* EntranceDocument.xib */,
				709F46381C8FC39100728265 /* DocumentWindow.xib */,
				DC9DBD501CA53EB50066BA67 /* FileDisplayView.xib */,
				DC9DBD3C1CA3CFAF0066BA67 /* FileTextView.xib */,
				DC9DBD511CA53EB50066BA67 /* MasterView.xib */,
				DC3C30031CA90C4A0070BCB1 /* MasterFileListView.xib */,
				DC3C30101CAA73FC0070BCB1 /* MasterResultView.xib */,
			);
			name = Document;
			sourceTree = "<group>";
		};
		709F463C1C8FC3F300728265 /* Utility */ = {
			isa = PBXGroup;
			children = (
				70A444101CA0DE7F00AACE1D /* Log */,
				700B0ADB1C9949E6005FF81D /* Constants */,
				709F46601C900FE700728265 /* Error */,
				709F46441C8FC64B00728265 /* Notification */,
				709F463D1C8FC40500728265 /* Color */,
			);
			name = Utility;
			sourceTree = "<group>";
		};
		709F463D1C8FC40500728265 /* Color */ = {
			isa = PBXGroup;
			children = (
				709F46411C8FC51300728265 /* LMColorUtlity.h */,
				709F46421C8FC51300728265 /* LMColorUtlity.m */,
			);
			name = Color;
			sourceTree = "<group>";
		};
		709F46441C8FC64B00728265 /* Notification */ = {
			isa = PBXGroup;
			children = (
				709F46451C8FC65800728265 /* LMNotificationNames.h */,
				709F46461C8FC65800728265 /* LMNotificationNames.m */,
			);
			name = Notification;
			sourceTree = "<group>";
		};
		709F46591C8FF57300728265 /* File Storage */ = {
			isa = PBXGroup;
			children = (
				700C9C831C9FD5E90088488E /* LMFileStorage.h */,
				700C9C841C9FD5E90088488E /* LMFileStorage.m */,
				700C9C851C9FD5E90088488E /* LMFileStorageManager.h */,
				700C9C861C9FD5E90088488E /* LMFileStorageManager.m */,
			);
			name = "File Storage";
			sourceTree = "<group>";
		};
		709F46601C900FE700728265 /* Error */ = {
			isa = PBXGroup;
			children = (
				709F46611C900FFF00728265 /* LMErrorDifinition.h */,
				709F46621C900FFF00728265 /* LMErrorDifinition.m */,
			);
			name = Error;
			sourceTree = "<group>";
		};
		709F46641C9017F400728265 /* File Reader */ = {
			isa = PBXGroup;
			children = (
				700C9C891C9FF2370088488E /* LMFileReaderFactory.h */,
				700C9C8A1C9FF2370088488E /* LMFileReaderFactory.m */,
				709F46651C90180600728265 /* LMFileReader.h */,
				709F46661C90180600728265 /* LMFileReader.m */,
				709F46681C901D6000728265 /* LMDataMonitorFileReader.h */,
				709F46691C901D6000728265 /* LMDataMonitorFileReader.m */,
			);
			name = "File Reader";
			sourceTree = "<group>";
		};
		70A444101CA0DE7F00AACE1D /* Log */ = {
			isa = PBXGroup;
			children = (
				70A444111CA0DE8F00AACE1D /* LMLog.h */,
				70A444121CA0DE8F00AACE1D /* LMLog.m */,
			);
			name = Log;
			sourceTree = "<group>";
		};
		DC3C2FFF1CA90B3E0070BCB1 /* File List */ = {
			isa = PBXGroup;
			children = (
				DC3C30001CA90B5B0070BCB1 /* LMMasterFileListViewController.h */,
				DC3C30011CA90B5B0070BCB1 /* LMMasterFileListViewController.m */,
			);
			name = "File List";
			sourceTree = "<group>";
		};
		DC3C30081CAA4B5D0070BCB1 /* File List */ = {
			isa = PBXGroup;
			children = (
				DC3C30091CAA4B7D0070BCB1 /* LMMasterFileListTableRowView.h */,
				DC3C300A1CAA4B7D0070BCB1 /* LMMasterFileListTableRowView.m */,
			);
			name = "File List";
			sourceTree = "<group>";
		};
		DC3C300C1CAA73A60070BCB1 /* Result */ = {
			isa = PBXGroup;
			children = (
				DC3C300D1CAA73CE0070BCB1 /* LMMasterResultViewController.h */,
				DC3C300E1CAA73CE0070BCB1 /* LMMasterResultViewController.m */,
			);
			name = Result;
			sourceTree = "<group>";
		};
		DC9DBD2C1CA3BFD40066BA67 /* File Display */ = {
			isa = PBXGroup;
			children = (
				DC9DBD2D1CA3C0360066BA67 /* LMFileDisplayViewController.h */,
				DC9DBD2E1CA3C0360066BA67 /* LMFileDisplayViewController.m */,
				DC9DBD3E1CA3CFDE0066BA67 /* LMFileTextViewController.h */,
				DC9DBD3F1CA3CFDE0066BA67 /* LMFileTextViewController.m */,
			);
			name = "File Display";
			sourceTree = "<group>";
		};
		DC9DBD441CA52EC10066BA67 /* SplitView */ = {
			isa = PBXGroup;
			children = (
				DC9DBD451CA52EDE0066BA67 /* LMSplitView.h */,
				DC9DBD461CA52EDE0066BA67 /* LMSplitView.m */,
			);
			name = SplitView;
			sourceTree = "<group>";
		};
		DC9DBD481CA52F460066BA67 /* Image */ = {
			isa = PBXGroup;
			children = (
				DC9DBD591CA8FA9A0066BA67 /* Master View */,
				DC9DBD491CA52F4C0066BA67 /* Split View */,
			);
			name = Image;
			sourceTree = "<group>";
		};
		DC9DBD491CA52F4C0066BA67 /* Split View */ = {
			isa = PBXGroup;
			children = (
				DC9DBD4A1CA52F880066BA67 /* SplitViewDivider.png */,
			);
			name = "Split View";
			sourceTree = "<group>";
		};
		DC9DBD4C1CA53B130066BA67 /* MasterView */ = {
			isa = PBXGroup;
			children = (
				DC9DBD4D1CA53CCE0066BA67 /* LMMasterViewController.h */,
				DC9DBD4E1CA53CCE0066BA67 /* LMMasterViewController.m */,
				DC3C300C1CAA73A60070BCB1 /* Result */,
				DC3C2FFF1CA90B3E0070BCB1 /* File List */,
			);
			name = MasterView;
			sourceTree = "<group>";
		};
		DC9DBD541CA8D6390066BA67 /* Master View */ = {
			isa = PBXGroup;
			children = (
				DC3C30081CAA4B5D0070BCB1 /* File List */,
				DC9DBD551CA8D6400066BA67 /* Navigate */,
			);
			name = "Master View";
			sourceTree = "<group>";
		};
		DC9DBD551CA8D6400066BA67 /* Navigate */ = {
			isa = PBXGroup;
			children = (
				DC9DBD561CA8D65F0066BA67 /* LMMasterNavigateView.h */,
				DC9DBD571CA8D65F0066BA67 /* LMMasterNavigateView.m */,
			);
			name = Navigate;
			sourceTree = "<group>";
		};
		DC9DBD591CA8FA9A0066BA67 /* Master View */ = {
			isa = PBXGroup;
			children = (
				DC9DBD5A1CA8FAA20066BA67 /* Navigate */,
			);
			name = "Master View";
			sourceTree = "<group>";
		};
		DC9DBD5A1CA8FAA20066BA67 /* Navigate */ = {
			isa = PBXGroup;
			children = (
				DC9DBD5D1CA8FABD0066BA67 /* MasterNavigateResult.png */,
				DC9DBD5E1CA8FABD0066BA67 /* MasterNavigateSearch.png */,
				DC9DBD5B1CA8FAAF0066BA67 /* MasterNavigateFile.png */,
			);
			name = Navigate;
			sourceTree = "<group>";
		};
/* End PBXGroup section */

/* Begin PBXNativeTarget section */
		709F45E61C8FC19300728265 /* EventLogUtility */ = {
			isa = PBXNativeTarget;
			buildConfigurationList = 709F46141C8FC19300728265 /* Build configuration list for PBXNativeTarget "EventLogUtility" */;
			buildPhases = (
				709F45E31C8FC19300728265 /* Sources */,
				709F45E41C8FC19300728265 /* Frameworks */,
				709F45E51C8FC19300728265 /* Resources */,
			);
			buildRules = (
			);
			dependencies = (
			);
			name = EventLogUtility;
			productName = EventLogUtility;
			productReference = 709F45E71C8FC19300728265 /* EventLogUtility.app */;
			productType = "com.apple.product-type.application";
		};
		709F45FF1C8FC19300728265 /* EventLogUtilityTests */ = {
			isa = PBXNativeTarget;
			buildConfigurationList = 709F46171C8FC19300728265 /* Build configuration list for PBXNativeTarget "EventLogUtilityTests" */;
			buildPhases = (
				709F45FC1C8FC19300728265 /* Sources */,
				709F45FD1C8FC19300728265 /* Frameworks */,
				709F45FE1C8FC19300728265 /* Resources */,
			);
			buildRules = (
			);
			dependencies = (
				709F46021C8FC19300728265 /* PBXTargetDependency */,
			);
			name = EventLogUtilityTests;
			productName = EventLogUtilityTests;
			productReference = 709F46001C8FC19300728265 /* EventLogUtilityTests.xctest */;
			productType = "com.apple.product-type.bundle.unit-test";
		};
		709F460A1C8FC19300728265 /* EventLogUtilityUITests */ = {
			isa = PBXNativeTarget;
			buildConfigurationList = 709F461A1C8FC19300728265 /* Build configuration list for PBXNativeTarget "EventLogUtilityUITests" */;
			buildPhases = (
				709F46071C8FC19300728265 /* Sources */,
				709F46081C8FC19300728265 /* Frameworks */,
				709F46091C8FC19300728265 /* Resources */,
			);
			buildRules = (
			);
			dependencies = (
				709F460D1C8FC19300728265 /* PBXTargetDependency */,
			);
			name = EventLogUtilityUITests;
			productName = EventLogUtilityUITests;
			productReference = 709F460B1C8FC19300728265 /* EventLogUtilityUITests.xctest */;
			productType = "com.apple.product-type.bundle.ui-testing";
		};
/* End PBXNativeTarget section */

/* Begin PBXProject section */
		709F45DF1C8FC19300728265 /* Project object */ = {
			isa = PBXProject;
			attributes = {
				LastUpgradeCheck = 0720;
				ORGANIZATIONNAME = Sapphire;
				TargetAttributes = {
					709F45E61C8FC19300728265 = {
						CreatedOnToolsVersion = 7.2;
					};
					709F45FF1C8FC19300728265 = {
						CreatedOnToolsVersion = 7.2;
						TestTargetID = 709F45E61C8FC19300728265;
					};
					709F460A1C8FC19300728265 = {
						CreatedOnToolsVersion = 7.2;
						TestTargetID = 709F45E61C8FC19300728265;
					};
				};
			};
			buildConfigurationList = 709F45E21C8FC19300728265 /* Build configuration list for PBXProject "EventLogUtility" */;
			compatibilityVersion = "Xcode 3.2";
			developmentRegion = English;
			hasScannedForEncodings = 0;
			knownRegions = (
				en,
				Base,
			);
			mainGroup = 709F45DE1C8FC19200728265;
			productRefGroup = 709F45E81C8FC19300728265 /* Products */;
			projectDirPath = "";
			projectRoot = "";
			targets = (
				709F45E61C8FC19300728265 /* EventLogUtility */,
				709F45FF1C8FC19300728265 /* EventLogUtilityTests */,
				709F460A1C8FC19300728265 /* EventLogUtilityUITests */,
			);
		};
/* End PBXProject section */

/* Begin PBXResourcesBuildPhase section */
		709F45E51C8FC19300728265 /* Resources */ = {
			isa = PBXResourcesBuildPhase;
			buildActionMask = 2147483647;
			files = (
				DC3C30111CAA73FC0070BCB1 /* MasterResultView.xib in Resources */,
				DC9DBD521CA53EB50066BA67 /* FileDisplayView.xib in Resources */,
				DC9DBD2A1CA38FA30066BA67 /* EntranceDocument.xib in Resources */,
				DC9DBD5C1CA8FAAF0066BA67 /* MasterNavigateFile.png in Resources */,
				DC9DBD3D1CA3CFAF0066BA67 /* FileTextView.xib in Resources */,
				DC9DBD4B1CA52F880066BA67 /* SplitViewDivider.png in Resources */,
				DC9DBD531CA53EB50066BA67 /* MasterView.xib in Resources */,
				DC3C30041CA90C4A0070BCB1 /* MasterFileListView.xib in Resources */,
				DC9DBD601CA8FABD0066BA67 /* MasterNavigateSearch.png in Resources */,
				709F46391C8FC39100728265 /* DocumentWindow.xib in Resources */,
				709F45F71C8FC19300728265 /* Assets.xcassets in Resources */,
				709F463B1C8FC3A500728265 /* MainMenu.xib in Resources */,
				DC9DBD5F1CA8FABD0066BA67 /* MasterNavigateResult.png in Resources */,
			);
			runOnlyForDeploymentPostprocessing = 0;
		};
		709F45FE1C8FC19300728265 /* Resources */ = {
			isa = PBXResourcesBuildPhase;
			buildActionMask = 2147483647;
			files = (
			);
			runOnlyForDeploymentPostprocessing = 0;
		};
		709F46091C8FC19300728265 /* Resources */ = {
			isa = PBXResourcesBuildPhase;
			buildActionMask = 2147483647;
			files = (
			);
			runOnlyForDeploymentPostprocessing = 0;
		};
/* End PBXResourcesBuildPhase section */

/* Begin PBXSourcesBuildPhase section */
		709F45E31C8FC19300728265 /* Sources */ = {
			isa = PBXSourcesBuildPhase;
			buildActionMask = 2147483647;
			files = (
				DC9DBD581CA8D65F0066BA67 /* LMMasterNavigateView.m in Sources */,
				700C9C871C9FD5E90088488E /* LMFileStorage.m in Sources */,
				709F46431C8FC51300728265 /* LMColorUtlity.m in Sources */,
				DC9DBD401CA3CFDE0066BA67 /* LMFileTextViewController.m in Sources */,
				DC9DBD4F1CA53CCE0066BA67 /* LMMasterViewController.m in Sources */,
				DC9DBD301CA3C0360066BA67 /* LMFileDisplayViewController.m in Sources */,
				709F46471C8FC65800728265 /* LMNotificationNames.m in Sources */,
				DC3C30021CA90B5B0070BCB1 /* LMMasterFileListViewController.m in Sources */,
				709F46631C900FFF00728265 /* LMErrorDifinition.m in Sources */,
				DC3C300B1CAA4B7D0070BCB1 /* LMMasterFileListTableRowView.m in Sources */,
				709F46311C8FC2D600728265 /* Document.m in Sources */,
				700C9C8B1C9FF2370088488E /* LMFileReaderFactory.m in Sources */,
				DC3C300F1CAA73CE0070BCB1 /* LMMasterResultViewController.m in Sources */,
				709F466A1C901D6000728265 /* LMDataMonitorFileReader.m in Sources */,
				709F462D1C8FC2C100728265 /* AppDelegate.m in Sources */,
				DC9DBD471CA52EDE0066BA67 /* LMSplitView.m in Sources */,
				700B0ADA1C99464A005FF81D /* LMFileHelper.m in Sources */,
				700B0ADE1C994A1B005FF81D /* LMConstant.m in Sources */,
				DC9DBD361CA3C27E0066BA67 /* LMBaseView.m in Sources */,
				DC9DBD431CA3E8DB0066BA67 /* LMDocumentViewController.m in Sources */,
				709F46671C90180600728265 /* LMFileReader.m in Sources */,
				700C9C881C9FD5E90088488E /* LMFileStorageManager.m in Sources */,
				DC9DBD241CA38F070066BA67 /* EntranceDocument.m in Sources */,
				709F45EF1C8FC19300728265 /* main.m in Sources */,
				DC3C30071CA90E230070BCB1 /* LMBaseViewController.m in Sources */,
				70A444131CA0DE8F00AACE1D /* LMLog.m in Sources */,
				DC9DBD211CA3835C0066BA67 /* DocumentController.m in Sources */,
			);
			runOnlyForDeploymentPostprocessing = 0;
		};
		709F45FC1C8FC19300728265 /* Sources */ = {
			isa = PBXSourcesBuildPhase;
			buildActionMask = 2147483647;
			files = (
				709F46051C8FC19300728265 /* EventLogUtilityTests.m in Sources */,
			);
			runOnlyForDeploymentPostprocessing = 0;
		};
		709F46071C8FC19300728265 /* Sources */ = {
			isa = PBXSourcesBuildPhase;
			buildActionMask = 2147483647;
			files = (
				709F46101C8FC19300728265 /* EventLogUtilityUITests.m in Sources */,
			);
			runOnlyForDeploymentPostprocessing = 0;
		};
/* End PBXSourcesBuildPhase section */

/* Begin PBXTargetDependency section */
		709F46021C8FC19300728265 /* PBXTargetDependency */ = {
			isa = PBXTargetDependency;
			target = 709F45E61C8FC19300728265 /* EventLogUtility */;
			targetProxy = 709F46011C8FC19300728265 /* PBXContainerItemProxy */;
		};
		709F460D1C8FC19300728265 /* PBXTargetDependency */ = {
			isa = PBXTargetDependency;
			target = 709F45E61C8FC19300728265 /* EventLogUtility */;
			targetProxy = 709F460C1C8FC19300728265 /* PBXContainerItemProxy */;
		};
/* End PBXTargetDependency section */

/* Begin XCBuildConfiguration section */
		709F46121C8FC19300728265 /* Debug */ = {
			isa = XCBuildConfiguration;
			buildSettings = {
				ALWAYS_SEARCH_USER_PATHS = NO;
				CLANG_CXX_LANGUAGE_STANDARD = "gnu++0x";
				CLANG_CXX_LIBRARY = "libc++";
				CLANG_ENABLE_MODULES = YES;
				CLANG_ENABLE_OBJC_ARC = YES;
				CLANG_WARN_BOOL_CONVERSION = YES;
				CLANG_WARN_CONSTANT_CONVERSION = YES;
				CLANG_WARN_DIRECT_OBJC_ISA_USAGE = YES_ERROR;
				CLANG_WARN_EMPTY_BODY = YES;
				CLANG_WARN_ENUM_CONVERSION = YES;
				CLANG_WARN_INT_CONVERSION = YES;
				CLANG_WARN_OBJC_ROOT_CLASS = YES_ERROR;
				CLANG_WARN_UNREACHABLE_CODE = YES;
				CLANG_WARN__DUPLICATE_METHOD_MATCH = YES;
				CODE_SIGN_IDENTITY = "-";
				COPY_PHASE_STRIP = NO;
				DEBUG_INFORMATION_FORMAT = dwarf;
				ENABLE_STRICT_OBJC_MSGSEND = YES;
				ENABLE_TESTABILITY = YES;
				GCC_C_LANGUAGE_STANDARD = gnu99;
				GCC_DYNAMIC_NO_PIC = NO;
				GCC_NO_COMMON_BLOCKS = YES;
				GCC_OPTIMIZATION_LEVEL = 0;
				GCC_PREPROCESSOR_DEFINITIONS = (
					"DEBUG=1",
					"$(inherited)",
				);
				GCC_WARN_64_TO_32_BIT_CONVERSION = YES;
				GCC_WARN_ABOUT_RETURN_TYPE = YES_ERROR;
				GCC_WARN_UNDECLARED_SELECTOR = YES;
				GCC_WARN_UNINITIALIZED_AUTOS = YES_AGGRESSIVE;
				GCC_WARN_UNUSED_FUNCTION = YES;
				GCC_WARN_UNUSED_VARIABLE = YES;
				MACOSX_DEPLOYMENT_TARGET = 10.10;
				MTL_ENABLE_DEBUG_INFO = YES;
				ONLY_ACTIVE_ARCH = YES;
				SDKROOT = macosx;
			};
			name = Debug;
		};
		709F46131C8FC19300728265 /* Release */ = {
			isa = XCBuildConfiguration;
			buildSettings = {
				ALWAYS_SEARCH_USER_PATHS = NO;
				CLANG_CXX_LANGUAGE_STANDARD = "gnu++0x";
				CLANG_CXX_LIBRARY = "libc++";
				CLANG_ENABLE_MODULES = YES;
				CLANG_ENABLE_OBJC_ARC = YES;
				CLANG_WARN_BOOL_CONVERSION = YES;
				CLANG_WARN_CONSTANT_CONVERSION = YES;
				CLANG_WARN_DIRECT_OBJC_ISA_USAGE = YES_ERROR;
				CLANG_WARN_EMPTY_BODY = YES;
				CLANG_WARN_ENUM_CONVERSION = YES;
				CLANG_WARN_INT_CONVERSION = YES;
				CLANG_WARN_OBJC_ROOT_CLASS = YES_ERROR;
				CLANG_WARN_UNREACHABLE_CODE = YES;
				CLANG_WARN__DUPLICATE_METHOD_MATCH = YES;
				CODE_SIGN_IDENTITY = "-";
				COPY_PHASE_STRIP = NO;
				DEBUG_INFORMATION_FORMAT = "dwarf-with-dsym";
				ENABLE_NS_ASSERTIONS = NO;
				ENABLE_STRICT_OBJC_MSGSEND = YES;
				GCC_C_LANGUAGE_STANDARD = gnu99;
				GCC_NO_COMMON_BLOCKS = YES;
				GCC_WARN_64_TO_32_BIT_CONVERSION = YES;
				GCC_WARN_ABOUT_RETURN_TYPE = YES_ERROR;
				GCC_WARN_UNDECLARED_SELECTOR = YES;
				GCC_WARN_UNINITIALIZED_AUTOS = YES_AGGRESSIVE;
				GCC_WARN_UNUSED_FUNCTION = YES;
				GCC_WARN_UNUSED_VARIABLE = YES;
				MACOSX_DEPLOYMENT_TARGET = 10.10;
				MTL_ENABLE_DEBUG_INFO = NO;
				SDKROOT = macosx;
			};
			name = Release;
		};
		709F46151C8FC19300728265 /* Debug */ = {
			isa = XCBuildConfiguration;
			buildSettings = {
				ASSETCATALOG_COMPILER_APPICON_NAME = AppIcon;
				COMBINE_HIDPI_IMAGES = YES;
				INFOPLIST_FILE = EventLogUtility/Info.plist;
				LD_RUNPATH_SEARCH_PATHS = "$(inherited) @executable_path/../Frameworks";
				OTHER_LDFLAGS = "";
				PRODUCT_BUNDLE_IDENTIFIER = Sapphire.EventLogUtility;
				PRODUCT_NAME = "$(TARGET_NAME)";
			};
			name = Debug;
		};
		709F46161C8FC19300728265 /* Release */ = {
			isa = XCBuildConfiguration;
			buildSettings = {
				ASSETCATALOG_COMPILER_APPICON_NAME = AppIcon;
				COMBINE_HIDPI_IMAGES = YES;
				INFOPLIST_FILE = EventLogUtility/Info.plist;
				LD_RUNPATH_SEARCH_PATHS = "$(inherited) @executable_path/../Frameworks";
				OTHER_LDFLAGS = "";
				PRODUCT_BUNDLE_IDENTIFIER = Sapphire.EventLogUtility;
				PRODUCT_NAME = "$(TARGET_NAME)";
			};
			name = Release;
		};
		709F46181C8FC19300728265 /* Debug */ = {
			isa = XCBuildConfiguration;
			buildSettings = {
				BUNDLE_LOADER = "$(TEST_HOST)";
				COMBINE_HIDPI_IMAGES = YES;
				INFOPLIST_FILE = EventLogUtilityTests/Info.plist;
				LD_RUNPATH_SEARCH_PATHS = "$(inherited) @executable_path/../Frameworks @loader_path/../Frameworks";
				PRODUCT_BUNDLE_IDENTIFIER = Sapphire.EventLogUtilityTests;
				PRODUCT_NAME = "$(TARGET_NAME)";
				TEST_HOST = "$(BUILT_PRODUCTS_DIR)/EventLogUtility.app/Contents/MacOS/EventLogUtility";
			};
			name = Debug;
		};
		709F46191C8FC19300728265 /* Release */ = {
			isa = XCBuildConfiguration;
			buildSettings = {
				BUNDLE_LOADER = "$(TEST_HOST)";
				COMBINE_HIDPI_IMAGES = YES;
				INFOPLIST_FILE = EventLogUtilityTests/Info.plist;
				LD_RUNPATH_SEARCH_PATHS = "$(inherited) @executable_path/../Frameworks @loader_path/../Frameworks";
				PRODUCT_BUNDLE_IDENTIFIER = Sapphire.EventLogUtilityTests;
				PRODUCT_NAME = "$(TARGET_NAME)";
				TEST_HOST = "$(BUILT_PRODUCTS_DIR)/EventLogUtility.app/Contents/MacOS/EventLogUtility";
			};
			name = Release;
		};
		709F461B1C8FC19300728265 /* Debug */ = {
			isa = XCBuildConfiguration;
			buildSettings = {
				COMBINE_HIDPI_IMAGES = YES;
				INFOPLIST_FILE = EventLogUtilityUITests/Info.plist;
				LD_RUNPATH_SEARCH_PATHS = "$(inherited) @executable_path/../Frameworks @loader_path/../Frameworks";
				PRODUCT_BUNDLE_IDENTIFIER = Sapphire.EventLogUtilityUITests;
				PRODUCT_NAME = "$(TARGET_NAME)";
				TEST_TARGET_NAME = EventLogUtility;
				USES_XCTRUNNER = YES;
			};
			name = Debug;
		};
		709F461C1C8FC19300728265 /* Release */ = {
			isa = XCBuildConfiguration;
			buildSettings = {
				COMBINE_HIDPI_IMAGES = YES;
				INFOPLIST_FILE = EventLogUtilityUITests/Info.plist;
				LD_RUNPATH_SEARCH_PATHS = "$(inherited) @executable_path/../Frameworks @loader_path/../Frameworks";
				PRODUCT_BUNDLE_IDENTIFIER = Sapphire.EventLogUtilityUITests;
				PRODUCT_NAME = "$(TARGET_NAME)";
				TEST_TARGET_NAME = EventLogUtility;
				USES_XCTRUNNER = YES;
			};
			name = Release;
		};
/* End XCBuildConfiguration section */

/* Begin XCConfigurationList section */
		709F45E21C8FC19300728265 /* Build configuration list for PBXProject "EventLogUtility" */ = {
			isa = XCConfigurationList;
			buildConfigurations = (
				709F46121C8FC19300728265 /* Debug */,
				709F46131C8FC19300728265 /* Release */,
			);
			defaultConfigurationIsVisible = 0;
			defaultConfigurationName = Release;
		};
		709F46141C8FC19300728265 /* Build configuration list for PBXNativeTarget "EventLogUtility" */ = {
			isa = XCConfigurationList;
			buildConfigurations = (
				709F46151C8FC19300728265 /* Debug */,
				709F46161C8FC19300728265 /* Release */,
			);
			defaultConfigurationIsVisible = 0;
			defaultConfigurationName = Release;
		};
		709F46171C8FC19300728265 /* Build configuration list for PBXNativeTarget "EventLogUtilityTests" */ = {
			isa = XCConfigurationList;
			buildConfigurations = (
				709F46181C8FC19300728265 /* Debug */,
				709F46191C8FC19300728265 /* Release */,
			);
			defaultConfigurationIsVisible = 0;
			defaultConfigurationName = Release;
		};
		709F461A1C8FC19300728265 /* Build configuration list for PBXNativeTarget "EventLogUtilityUITests" */ = {
			isa = XCConfigurationList;
			buildConfigurations = (
				709F461B1C8FC19300728265 /* Debug */,
				709F461C1C8FC19300728265 /* Release */,
			);
			defaultConfigurationIsVisible = 0;
			defaultConfigurationName = Release;
		};
/* End XCConfigurationList section */
	};
	rootObject = 709F45DF1C8FC19300728265 /* Project object */;
}
